// !$*UTF8*$!
{
	archiveVersion = 1;
	classes = {
	};
	objectVersion = 46;
	objects = {

/* Begin PBXBuildFile section */
		EA1C23331D87C5F10056583B /* AppDelegate.swift in Sources */ = {isa = PBXBuildFile; fileRef = EA1C23321D87C5F10056583B /* AppDelegate.swift */; };
		EA1C23351D87C5F10056583B /* ViewController.swift in Sources */ = {isa = PBXBuildFile; fileRef = EA1C23341D87C5F10056583B /* ViewController.swift */; };
		EA1C23381D87C5F10056583B /* Main.storyboard in Resources */ = {isa = PBXBuildFile; fileRef = EA1C23361D87C5F10056583B /* Main.storyboard */; };
		EA1C233A1D87C5F10056583B /* Assets.xcassets in Resources */ = {isa = PBXBuildFile; fileRef = EA1C23391D87C5F10056583B /* Assets.xcassets */; };
		EA1C233D1D87C5F10056583B /* LaunchScreen.storyboard in Resources */ = {isa = PBXBuildFile; fileRef = EA1C233B1D87C5F10056583B /* LaunchScreen.storyboard */; };
		EA1C23481D87C5F10056583B /* Lab1Tests.swift in Sources */ = {isa = PBXBuildFile; fileRef = EA1C23471D87C5F10056583B /* Lab1Tests.swift */; };
		EA1C23531D87C5F10056583B /* Lab1UITests.swift in Sources */ = {isa = PBXBuildFile; fileRef = EA1C23521D87C5F10056583B /* Lab1UITests.swift */; };
/* End PBXBuildFile section */

/* Begin PBXContainerItemProxy section */
		EA1C23441D87C5F10056583B /* PBXContainerItemProxy */ = {
			isa = PBXContainerItemProxy;
			containerPortal = EA1C23271D87C5F00056583B /* Project object */;
			proxyType = 1;
			remoteGlobalIDString = EA1C232E1D87C5F10056583B;
			remoteInfo = Lab1;
		};
		EA1C234F1D87C5F10056583B /* PBXContainerItemProxy */ = {
			isa = PBXContainerItemProxy;
			containerPortal = EA1C23271D87C5F00056583B /* Project object */;
			proxyType = 1;
			remoteGlobalIDString = EA1C232E1D87C5F10056583B;
			remoteInfo = Lab1;
		};
/* End PBXContainerItemProxy section */

/* Begin PBXFileReference section */
		EA1C232F1D87C5F10056583B /* Lab1.app */ = {isa = PBXFileReference; explicitFileType = wrapper.application; includeInIndex = 0; path = Lab1.app; sourceTree = BUILT_PRODUCTS_DIR; };
		EA1C23321D87C5F10056583B /* AppDelegate.swift */ = {isa = PBXFileReference; lastKnownFileType = sourcecode.swift; path = AppDelegate.swift; sourceTree = "<group>"; };
		EA1C23341D87C5F10056583B /* ViewController.swift */ = {isa = PBXFileReference; lastKnownFileType = sourcecode.swift; path = ViewController.swift; sourceTree = "<group>"; };
		EA1C23371D87C5F10056583B /* Base */ = {isa = PBXFileReference; lastKnownFileType = file.storyboard; name = Base; path = Base.lproj/Main.storyboard; sourceTree = "<group>"; };
		EA1C23391D87C5F10056583B /* Assets.xcassets */ = {isa = PBXFileReference; lastKnownFileType = folder.assetcatalog; path = Assets.xcassets; sourceTree = "<group>"; };
		EA1C233C1D87C5F10056583B /* Base */ = {isa = PBXFileReference; lastKnownFileType = file.storyboard; name = Base; path = Base.lproj/LaunchScreen.storyboard; sourceTree = "<group>"; };
		EA1C233E1D87C5F10056583B /* Info.plist */ = {isa = PBXFileReference; lastKnownFileType = text.plist.xml; path = Info.plist; sourceTree = "<group>"; };
		EA1C23431D87C5F10056583B /* Lab1Tests.xctest */ = {isa = PBXFileReference; explicitFileType = wrapper.cfbundle; includeInIndex = 0; path = Lab1Tests.xctest; sourceTree = BUILT_PRODUCTS_DIR; };
		EA1C23471D87C5F10056583B /* Lab1Tests.swift */ = {isa = PBXFileReference; lastKnownFileType = sourcecode.swift; path = Lab1Tests.swift; sourceTree = "<group>"; };
		EA1C23491D87C5F10056583B /* Info.plist */ = {isa = PBXFileReference; lastKnownFileType = text.plist.xml; path = Info.plist; sourceTree = "<group>"; };
		EA1C234E1D87C5F10056583B /* Lab1UITests.xctest */ = {isa = PBXFileReference; explicitFileType = wrapper.cfbundle; includeInIndex = 0; path = Lab1UITests.xctest; sourceTree = BUILT_PRODUCTS_DIR; };
		EA1C23521D87C5F10056583B /* Lab1UITests.swift */ = {isa = PBXFileReference; lastKnownFileType = sourcecode.swift; path = Lab1UITests.swift; sourceTree = "<group>"; };
		EA1C23541D87C5F10056583B /* Info.plist */ = {isa = PBXFileReference; lastKnownFileType = text.plist.xml; path = Info.plist; sourceTree = "<group>"; };
/* End PBXFileReference section */

/* Begin PBXFrameworksBuildPhase section */
		EA1C232C1D87C5F10056583B /* Frameworks */ = {
			isa = PBXFrameworksBuildPhase;
			buildActionMask = 2147483647;
			files = (
			);
			runOnlyForDeploymentPostprocessing = 0;
		};
		EA1C23401D87C5F10056583B /* Frameworks */ = {
			isa = PBXFrameworksBuildPhase;
			buildActionMask = 2147483647;
			files = (
			);
			runOnlyForDeploymentPostprocessing = 0;
		};
		EA1C234B1D87C5F10056583B /* Frameworks */ = {
			isa = PBXFrameworksBuildPhase;
			buildActionMask = 2147483647;
			files = (
			);
			runOnlyForDeploymentPostprocessing = 0;
		};
/* End PBXFrameworksBuildPhase section */

/* Begin PBXGroup section */
		EA1C23261D87C5F00056583B = {
			isa = PBXGroup;
			children = (
				EA1C23311D87C5F10056583B /* Lab1 */,
				EA1C23461D87C5F10056583B /* Lab1Tests */,
				EA1C23511D87C5F10056583B /* Lab1UITests */,
				EA1C23301D87C5F10056583B /* Products */,
			);
			sourceTree = "<group>";
		};
		EA1C23301D87C5F10056583B /* Products */ = {
			isa = PBXGroup;
			children = (
				EA1C232F1D87C5F10056583B /* Lab1.app */,
				EA1C23431D87C5F10056583B /* Lab1Tests.xctest */,
				EA1C234E1D87C5F10056583B /* Lab1UITests.xctest */,
			);
			name = Products;
			sourceTree = "<group>";
		};
		EA1C23311D87C5F10056583B /* Lab1 */ = {
			isa = PBXGroup;
			children = (
				EA1C23321D87C5F10056583B /* AppDelegate.swift */,
				EA1C23341D87C5F10056583B /* ViewController.swift */,
				EA1C23361D87C5F10056583B /* Main.storyboard */,
				EA1C23391D87C5F10056583B /* Assets.xcassets */,
				EA1C233B1D87C5F10056583B /* LaunchScreen.storyboard */,
				EA1C233E1D87C5F10056583B /* Info.plist */,
			);
			path = Lab1;
			sourceTree = "<group>";
		};
		EA1C23461D87C5F10056583B /* Lab1Tests */ = {
			isa = PBXGroup;
			children = (
				EA1C23471D87C5F10056583B /* Lab1Tests.swift */,
				EA1C23491D87C5F10056583B /* Info.plist */,
			);
			path = Lab1Tests;
			sourceTree = "<group>";
		};
		EA1C23511D87C5F10056583B /* Lab1UITests */ = {
			isa = PBXGroup;
			children = (
				EA1C23521D87C5F10056583B /* Lab1UITests.swift */,
				EA1C23541D87C5F10056583B /* Info.plist */,
			);
			path = Lab1UITests;
			sourceTree = "<group>";
		};
/* End PBXGroup section */

/* Begin PBXNativeTarget section */
		EA1C232E1D87C5F10056583B /* Lab1 */ = {
			isa = PBXNativeTarget;
			buildConfigurationList = EA1C23571D87C5F10056583B /* Build configuration list for PBXNativeTarget "Lab1" */;
			buildPhases = (
				EA1C232B1D87C5F10056583B /* Sources */,
				EA1C232C1D87C5F10056583B /* Frameworks */,
				EA1C232D1D87C5F10056583B /* Resources */,
			);
			buildRules = (
			);
			dependencies = (
			);
			name = Lab1;
			productName = Lab1;
			productReference = EA1C232F1D87C5F10056583B /* Lab1.app */;
			productType = "com.apple.product-type.application";
		};
		EA1C23421D87C5F10056583B /* Lab1Tests */ = {
			isa = PBXNativeTarget;
			buildConfigurationList = EA1C235A1D87C5F10056583B /* Build configuration list for PBXNativeTarget "Lab1Tests" */;
			buildPhases = (
				EA1C233F1D87C5F10056583B /* Sources */,
				EA1C23401D87C5F10056583B /* Frameworks */,
				EA1C23411D87C5F10056583B /* Resources */,
			);
			buildRules = (
			);
			dependencies = (
				EA1C23451D87C5F10056583B /* PBXTargetDependency */,
			);
			name = Lab1Tests;
			productName = Lab1Tests;
			productReference = EA1C23431D87C5F10056583B /* Lab1Tests.xctest */;
			productType = "com.apple.product-type.bundle.unit-test";
		};
		EA1C234D1D87C5F10056583B /* Lab1UITests */ = {
			isa = PBXNativeTarget;
			buildConfigurationList = EA1C235D1D87C5F10056583B /* Build configuration list for PBXNativeTarget "Lab1UITests" */;
			buildPhases = (
				EA1C234A1D87C5F10056583B /* Sources */,
				EA1C234B1D87C5F10056583B /* Frameworks */,
				EA1C234C1D87C5F10056583B /* Resources */,
			);
			buildRules = (
			);
			dependencies = (
				EA1C23501D87C5F10056583B /* PBXTargetDependency */,
			);
			name = Lab1UITests;
			productName = Lab1UITests;
			productReference = EA1C234E1D87C5F10056583B /* Lab1UITests.xctest */;
			productType = "com.apple.product-type.bundle.ui-testing";
		};
/* End PBXNativeTarget section */

/* Begin PBXProject section */
		EA1C23271D87C5F00056583B /* Project object */ = {
			isa = PBXProject;
			attributes = {
				LastSwiftUpdateCheck = 0710;
				LastUpgradeCheck = 0710;
				ORGANIZATIONNAME = "Tony Bumatay";
				TargetAttributes = {
					EA1C232E1D87C5F10056583B = {
						CreatedOnToolsVersion = 7.1;
					};
					EA1C23421D87C5F10056583B = {
						CreatedOnToolsVersion = 7.1;
						TestTargetID = EA1C232E1D87C5F10056583B;
					};
					EA1C234D1D87C5F10056583B = {
						CreatedOnToolsVersion = 7.1;
						TestTargetID = EA1C232E1D87C5F10056583B;
					};
				};
			};
			buildConfigurationList = EA1C232A1D87C5F00056583B /* Build configuration list for PBXProject "Lab1" */;
			compatibilityVersion = "Xcode 3.2";
			developmentRegion = English;
			hasScannedForEncodings = 0;
			knownRegions = (
				en,
				Base,
			);
			mainGroup = EA1C23261D87C5F00056583B;
			productRefGroup = EA1C23301D87C5F10056583B /* Products */;
			projectDirPath = "";
			projectRoot = "";
			targets = (
				EA1C232E1D87C5F10056583B /* Lab1 */,
				EA1C23421D87C5F10056583B /* Lab1Tests */,
				EA1C234D1D87C5F10056583B /* Lab1UITests */,
			);
		};
/* End PBXProject section */

/* Begin PBXResourcesBuildPhase section */
		EA1C232D1D87C5F10056583B /* Resources */ = {
			isa = PBXResourcesBuildPhase;
			buildActionMask = 2147483647;
			files = (
				EA1C233D1D87C5F10056583B /* LaunchScreen.storyboard in Resources */,
				EA1C233A1D87C5F10056583B /* Assets.xcassets in Resources */,
				EA1C23381D87C5F10056583B /* Main.storyboard in Resources */,
			);
			runOnlyForDeploymentPostprocessing = 0;
		};
		EA1C23411D87C5F10056583B /* Resources */ = {
			isa = PBXResourcesBuildPhase;
			buildActionMask = 2147483647;
			files = (
			);
			runOnlyForDeploymentPostprocessing = 0;
		};
		EA1C234C1D87C5F10056583B /* Resources */ = {
			isa = PBXResourcesBuildPhase;
			buildActionMask = 2147483647;
			files = (
			);
			runOnlyForDeploymentPostprocessing = 0;
		};
/* End PBXResourcesBuildPhase section */

/* Begin PBXSourcesBuildPhase section */
		EA1C232B1D87C5F10056583B /* Sources */ = {
			isa = PBXSourcesBuildPhase;
			buildActionMask = 2147483647;
			files = (
				EA1C23351D87C5F10056583B /* ViewController.swift in Sources */,
				EA1C23331D87C5F10056583B /* AppDelegate.swift in Sources */,
			);
			runOnlyForDeploymentPostprocessing = 0;
		};
		EA1C233F1D87C5F10056583B /* Sources */ = {
			isa = PBXSourcesBuildPhase;
			buildActionMask = 2147483647;
			files = (
				EA1C23481D87C5F10056583B /* Lab1Tests.swift in Sources */,
			);
			runOnlyForDeploymentPostprocessing = 0;
		};
		EA1C234A1D87C5F10056583B /* Sources */ = {
			isa = PBXSourcesBuildPhase;
			buildActionMask = 2147483647;
			files = (
				EA1C23531D87C5F10056583B /* Lab1UITests.swift in Sources */,
			);
			runOnlyForDeploymentPostprocessing = 0;
		};
/* End PBXSourcesBuildPhase section */

/* Begin PBXTargetDependency section */
		EA1C23451D87C5F10056583B /* PBXTargetDependency */ = {
			isa = PBXTargetDependency;
			target = EA1C232E1D87C5F10056583B /* Lab1 */;
			targetProxy = EA1C23441D87C5F10056583B /* PBXContainerItemProxy */;
		};
		EA1C23501D87C5F10056583B /* PBXTargetDependency */ = {
			isa = PBXTargetDependency;
			target = EA1C232E1D87C5F10056583B /* Lab1 */;
			targetProxy = EA1C234F1D87C5F10056583B /* PBXContainerItemProxy */;
		};
/* End PBXTargetDependency section */

/* Begin PBXVariantGroup section */
		EA1C23361D87C5F10056583B /* Main.storyboard */ = {
			isa = PBXVariantGroup;
			children = (
				EA1C23371D87C5F10056583B /* Base */,
			);
			name = Main.storyboard;
			sourceTree = "<group>";
		};
		EA1C233B1D87C5F10056583B /* LaunchScreen.storyboard */ = {
			isa = PBXVariantGroup;
			children = (
				EA1C233C1D87C5F10056583B /* Base */,
			);
			name = LaunchScreen.storyboard;
			sourceTree = "<group>";
		};
/* End PBXVariantGroup section */

/* Begin XCBuildConfiguration section */
		EA1C23551D87C5F10056583B /* Debug */ = {
			isa = XCBuildConfiguration;
			buildSettings = {
				ALWAYS_SEARCH_USER_PATHS = NO;
				CLANG_CXX_LANGUAGE_STANDARD = "gnu++0x";
				CLANG_CXX_LIBRARY = "libc++";
				CLANG_ENABLE_MODULES = YES;
				CLANG_ENABLE_OBJC_ARC = YES;
				CLANG_WARN_BOOL_CONVERSION = YES;
				CLANG_WARN_CONSTANT_CONVERSION = YES;
				CLANG_WARN_DIRECT_OBJC_ISA_USAGE = YES_ERROR;
				CLANG_WARN_EMPTY_BODY = YES;
				CLANG_WARN_ENUM_CONVERSION = YES;
				CLANG_WARN_INT_CONVERSION = YES;
				CLANG_WARN_OBJC_ROOT_CLASS = YES_ERROR;
				CLANG_WARN_UNREACHABLE_CODE = YES;
				CLANG_WARN__DUPLICATE_METHOD_MATCH = YES;
				"CODE_SIGN_IDENTITY[sdk=iphoneos*]" = "iPhone Developer";
				COPY_PHASE_STRIP = NO;
				DEBUG_INFORMATION_FORMAT = dwarf;
				ENABLE_STRICT_OBJC_MSGSEND = YES;
				ENABLE_TESTABILITY = YES;
				GCC_C_LANGUAGE_STANDARD = gnu99;
				GCC_DYNAMIC_NO_PIC = NO;
				GCC_NO_COMMON_BLOCKS = YES;
				GCC_OPTIMIZATION_LEVEL = 0;
				GCC_PREPROCESSOR_DEFINITIONS = (
					"DEBUG=1",
					"$(inherited)",
				);
				GCC_WARN_64_TO_32_BIT_CONVERSION = YES;
				GCC_WARN_ABOUT_RETURN_TYPE = YES_ERROR;
				GCC_WARN_UNDECLARED_SELECTOR = YES;
				GCC_WARN_UNINITIALIZED_AUTOS = YES_AGGRESSIVE;
				GCC_WARN_UNUSED_FUNCTION = YES;
				GCC_WARN_UNUSED_VARIABLE = YES;
				IPHONEOS_DEPLOYMENT_TARGET = 9.1;
				MTL_ENABLE_DEBUG_INFO = YES;
				ONLY_ACTIVE_ARCH = YES;
				SDKROOT = iphoneos;
				SWIFT_OPTIMIZATION_LEVEL = "-Onone";
			};
			name = Debug;
		};
		EA1C23561D87C5F10056583B /* Release */ = {
			isa = XCBuildConfiguration;
			buildSettings = {
				ALWAYS_SEARCH_USER_PATHS = NO;
				CLANG_CXX_LANGUAGE_STANDARD = "gnu++0x";
				CLANG_CXX_LIBRARY = "libc++";
				CLANG_ENABLE_MODULES = YES;
				CLANG_ENABLE_OBJC_ARC = YES;
				CLANG_WARN_BOOL_CONVERSION = YES;
				CLANG_WARN_CONSTANT_CONVERSION = YES;
				CLANG_WARN_DIRECT_OBJC_ISA_USAGE = YES_ERROR;
				CLANG_WARN_EMPTY_BODY = YES;
				CLANG_WARN_ENUM_CONVERSION = YES;
				CLANG_WARN_INT_CONVERSION = YES;
				CLANG_WARN_OBJC_ROOT_CLASS = YES_ERROR;
				CLANG_WARN_UNREACHABLE_CODE = YES;
				CLANG_WARN__DUPLICATE_METHOD_MATCH = YES;
				"CODE_SIGN_IDENTITY[sdk=iphoneos*]" = "iPhone Developer";
				COPY_PHASE_STRIP = NO;
				DEBUG_INFORMATION_FORMAT = "dwarf-with-dsym";
				ENABLE_NS_ASSERTIONS = NO;
				ENABLE_STRICT_OBJC_MSGSEND = YES;
				GCC_C_LANGUAGE_STANDARD = gnu99;
				GCC_NO_COMMON_BLOCKS = YES;
				GCC_WARN_64_TO_32_BIT_CONVERSION = YES;
				GCC_WARN_ABOUT_RETURN_TYPE = YES_ERROR;
				GCC_WARN_UNDECLARED_SELECTOR = YES;
				GCC_WARN_UNINITIALIZED_AUTOS = YES_AGGRESSIVE;
				GCC_WARN_UNUSED_FUNCTION = YES;
				GCC_WARN_UNUSED_VARIABLE = YES;
				IPHONEOS_DEPLOYMENT_TARGET = 9.1;
				MTL_ENABLE_DEBUG_INFO = NO;
				SDKROOT = iphoneos;
				VALIDATE_PRODUCT = YES;
			};
			name = Release;
		};
		EA1C23581D87C5F10056583B /* Debug */ = {
			isa = XCBuildConfiguration;
			buildSettings = {
				ASSETCATALOG_COMPILER_APPICON_NAME = AppIcon;
				INFOPLIST_FILE = Lab1/Info.plist;
				LD_RUNPATH_SEARCH_PATHS = "$(inherited) @executable_path/Frameworks";
				PRODUCT_BUNDLE_IDENTIFIER = com.example.Lab1;
				PRODUCT_NAME = "$(TARGET_NAME)";
			};
			name = Debug;
		};
		EA1C23591D87C5F10056583B /* Release */ = {
			isa = XCBuildConfiguration;
			buildSettings = {
				ASSETCATALOG_COMPILER_APPICON_NAME = AppIcon;
				INFOPLIST_FILE = Lab1/Info.plist;
				LD_RUNPATH_SEARCH_PATHS = "$(inherited) @executable_path/Frameworks";
				PRODUCT_BUNDLE_IDENTIFIER = com.example.Lab1;
				PRODUCT_NAME = "$(TARGET_NAME)";
			};
			name = Release;
		};
		EA1C235B1D87C5F10056583B /* Debug */ = {
			isa = XCBuildConfiguration;
			buildSettings = {
				BUNDLE_LOADER = "$(TEST_HOST)";
				INFOPLIST_FILE = Lab1Tests/Info.plist;
				LD_RUNPATH_SEARCH_PATHS = "$(inherited) @executable_path/Frameworks @loader_path/Frameworks";
				PRODUCT_BUNDLE_IDENTIFIER = com.example.Lab1Tests;
				PRODUCT_NAME = "$(TARGET_NAME)";
				TEST_HOST = "$(BUILT_PRODUCTS_DIR)/Lab1.app/Lab1";
			};
			name = Debug;
		};
		EA1C235C1D87C5F10056583B /* Release */ = {
			isa = XCBuildConfiguration;
			buildSettings = {
				BUNDLE_LOADER = "$(TEST_HOST)";
				INFOPLIST_FILE = Lab1Tests/Info.plist;
				LD_RUNPATH_SEARCH_PATHS = "$(inherited) @executable_path/Frameworks @loader_path/Frameworks";
				PRODUCT_BUNDLE_IDENTIFIER = com.example.Lab1Tests;
				PRODUCT_NAME = "$(TARGET_NAME)";
				TEST_HOST = "$(BUILT_PRODUCTS_DIR)/Lab1.app/Lab1";
			};
			name = Release;
		};
		EA1C235E1D87C5F10056583B /* Debug */ = {
			isa = XCBuildConfiguration;
			buildSettings = {
				INFOPLIST_FILE = Lab1UITests/Info.plist;
				LD_RUNPATH_SEARCH_PATHS = "$(inherited) @executable_path/Frameworks @loader_path/Frameworks";
				PRODUCT_BUNDLE_IDENTIFIER = com.example.Lab1UITests;
				PRODUCT_NAME = "$(TARGET_NAME)";
				TEST_TARGET_NAME = Lab1;
				USES_XCTRUNNER = YES;
			};
			name = Debug;
		};
		EA1C235F1D87C5F10056583B /* Release */ = {
			isa = XCBuildConfiguration;
			buildSettings = {
				INFOPLIST_FILE = Lab1UITests/Info.plist;
				LD_RUNPATH_SEARCH_PATHS = "$(inherited) @executable_path/Frameworks @loader_path/Frameworks";
				PRODUCT_BUNDLE_IDENTIFIER = com.example.Lab1UITests;
				PRODUCT_NAME = "$(TARGET_NAME)";
				TEST_TARGET_NAME = Lab1;
				USES_XCTRUNNER = YES;
			};
			name = Release;
		};
/* End XCBuildConfiguration section */

/* Begin XCConfigurationList section */
		EA1C232A1D87C5F00056583B /* Build configuration list for PBXProject "Lab1" */ = {
			isa = XCConfigurationList;
			buildConfigurations = (
				EA1C23551D87C5F10056583B /* Debug */,
				EA1C23561D87C5F10056583B /* Release */,
			);
			defaultConfigurationIsVisible = 0;
			defaultConfigurationName = Release;
		};
		EA1C23571D87C5F10056583B /* Build configuration list for PBXNativeTarget "Lab1" */ = {
			isa = XCConfigurationList;
			buildConfigurations = (
				EA1C23581D87C5F10056583B /* Debug */,
				EA1C23591D87C5F10056583B /* Release */,
			);
			defaultConfigurationIsVisible = 0;
		};
		EA1C235A1D87C5F10056583B /* Build configuration list for PBXNativeTarget "Lab1Tests" */ = {
			isa = XCConfigurationList;
			buildConfigurations = (
				EA1C235B1D87C5F10056583B /* Debug */,
				EA1C235C1D87C5F10056583B /* Release */,
			);
			defaultConfigurationIsVisible = 0;
		};
		EA1C235D1D87C5F10056583B /* Build configuration list for PBXNativeTarget "Lab1UITests" */ = {
			isa = XCConfigurationList;
			buildConfigurations = (
				EA1C235E1D87C5F10056583B /* Debug */,
				EA1C235F1D87C5F10056583B /* Release */,
			);
			defaultConfigurationIsVisible = 0;
		};
/* End XCConfigurationList section */
	};
	rootObject = EA1C23271D87C5F00056583B /* Project object */;
}
